{
  "name": "continuum-monorepo",
  "version": "1.0.0",
  "lockfileVersion": 3,
  "requires": true,
  "packages": {
    "": {
      "name": "continuum-monorepo",
      "version": "1.0.0",
      "license": "ISC",
      "workspaces": [
        "apps/frontend",
        "apps/backend",
        "packages/shared"
      ]
    },
    "apps/backend": {
      "name": "@continuum-monorepo/backend",
      "version": "1.0.0",
      "dependencies": {
        "@continuum-monorepo/shared": "^1.0.0"
      },
      "devDependencies": {}
    },
    "apps/frontend": {
      "name": "@continuum-monorepo/frontend",
      "version": "1.0.0",
      "dependencies": {
        "@continuum-monorepo/shared": "^1.0.0"
      }
    },
    "node_modules/@continuum-monorepo/backend": {
      "resolved": "apps/backend",
      "link": true
    },
    "node_modules/@continuum-monorepo/frontend": {
      "resolved": "apps/frontend",
      "link": true
    },
    "node_modules/@continuum-monorepo/shared": {
      "resolved": "packages/shared",
      "link": true
    },
    "packages/shared": {
      "name": "@continuum-monorepo/shared",
      "version": "1.0.0"
    }
  }
}
